{
  "name": "osubot",
  "version": "1.0.0",
  "lockfileVersion": 2,
  "requires": true,
  "packages": {
    "": {
      "name": "osubot",
      "version": "1.0.0",
      "license": "ISC",
      "dependencies": {
        "bancho.js": "^0.10.0-rc.11",
        "dotenv": "^16.0.3"
      }
    },
    "node_modules/bancho.js": {
      "version": "0.10.0-rc.11",
      "resolved": "https://registry.npmjs.org/bancho.js/-/bancho.js-0.10.0-rc.11.tgz",
      "integrity": "sha512-H0A9axPuI3dfKaaznX5BC9qY0zfpa+/7wgqrJXmbZPiGGenFLmldsCs5rd5NbyUUW0LNsO2xXd5B7xe3ts/AdA==",
      "dependencies": {
        "nodesu": "^0.7.2",
        "rate-limiter-flexible": "^2.3.12"
      },
      "engines": {
        "node": ">=8"
      },
      "peerDependencies": {
        "weak-value-map": "^1.0.1"
      },
      "peerDependenciesMeta": {
        "weak-value-map": {
          "optional": true
        }
      }
    },
    "node_modules/dotenv": {
      "version": "16.0.3",
      "resolved": "https://registry.npmjs.org/dotenv/-/dotenv-16.0.3.tgz",
      "integrity": "sha512-7GO6HghkA5fYG9TYnNxi14/7K9f5occMlp3zXAuSxn7CKCxt9xbNWG7yF8hTCSUchlfWSe3uLmlPfigevRItzQ==",
      "engines": {
        "node": ">=12"
      }
    },
    "node_modules/limiter": {
      "version": "1.1.5",
      "resolved": "https://registry.npmjs.org/limiter/-/limiter-1.1.5.tgz",
      "integrity": "sha512-FWWMIEOxz3GwUI4Ts/IvgVy6LPvoMPgjMdQ185nN6psJyBJ4yOpzqm695/h5umdLJg2vW3GR5iG11MAkR2AzJA=="
    },
    "node_modules/nodesu": {
      "version": "0.7.3",
      "resolved": "https://registry.npmjs.org/nodesu/-/nodesu-0.7.3.tgz",
      "integrity": "sha512-RTHkaRyt+alXkzp8TDH1r4dtkp38jeqFyGgFBCT6uSqcGIOUdh7EqghwN1PrcGVqTjPPjWUCnqoNay+JOMw3bg==",
      "dependencies": {
        "limiter": "^1.1.0"
      },
      "engines": {
        "node": ">=4.0.0"
      }
    },
    "node_modules/rate-limiter-flexible": {
      "version": "2.4.1",
      "resolved": "https://registry.npmjs.org/rate-limiter-flexible/-/rate-limiter-flexible-2.4.1.tgz",
      "integrity": "sha512-dgH4T44TzKVO9CLArNto62hJOwlWJMLUjVVr/ii0uUzZXEXthDNr7/yefW5z/1vvHAfycc1tnuiYyNJ8CTRB3g=="
    }
  },
  "dependencies": {
    "bancho.js": {
      "version": "0.10.0-rc.11",
      "resolved": "https://registry.npmjs.org/bancho.js/-/bancho.js-0.10.0-rc.11.tgz",
      "integrity": "sha512-H0A9axPuI3dfKaaznX5BC9qY0zfpa+/7wgqrJXmbZPiGGenFLmldsCs5rd5NbyUUW0LNsO2xXd5B7xe3ts/AdA==",
      "requires": {
        "nodesu": "^0.7.2",
        "rate-limiter-flexible": "^2.3.12"
      }
    },
    "dotenv": {
      "version": "16.0.3",
      "resolved": "https://registry.npmjs.org/dotenv/-/dotenv-16.0.3.tgz",
      "integrity": "sha512-7GO6HghkA5fYG9TYnNxi14/7K9f5occMlp3zXAuSxn7CKCxt9xbNWG7yF8hTCSUchlfWSe3uLmlPfigevRItzQ=="
    },
    "limiter": {
      "version": "1.1.5",
      "resolved": "https://registry.npmjs.org/limiter/-/limiter-1.1.5.tgz",
      "integrity": "sha512-FWWMIEOxz3GwUI4Ts/IvgVy6LPvoMPgjMdQ185nN6psJyBJ4yOpzqm695/h5umdLJg2vW3GR5iG11MAkR2AzJA=="
    },
    "nodesu": {
      "version": "0.7.3",
      "resolved": "https://registry.npmjs.org/nodesu/-/nodesu-0.7.3.tgz",
      "integrity": "sha512-RTHkaRyt+alXkzp8TDH1r4dtkp38jeqFyGgFBCT6uSqcGIOUdh7EqghwN1PrcGVqTjPPjWUCnqoNay+JOMw3bg==",
      "requires": {
        "limiter": "^1.1.0"
      }
    },
    "rate-limiter-flexible": {
      "version": "2.4.1",
      "resolved": "https://registry.npmjs.org/rate-limiter-flexible/-/rate-limiter-flexible-2.4.1.tgz",
      "integrity": "sha512-dgH4T44TzKVO9CLArNto62hJOwlWJMLUjVVr/ii0uUzZXEXthDNr7/yefW5z/1vvHAfycc1tnuiYyNJ8CTRB3g=="
    }
  }
}
